
Microsoft Visual Studio Solution File, Format Version 12.00
# Visual Studio 15
VisualStudioVersion = 15.0.28307.136
MinimumVisualStudioVersion = 10.0.40219.1
Project("{F184B08F-C81C-45F6-A57F-5ABD9991F28F}") = "MenuVirtual", "MenuVirtual\MenuVirtual.vbproj", "{2ABE9B4F-E949-4FD5-89DD-49C6B642085C}"
EndProject
Global
	GlobalSection(SolutionConfigurationPlatforms) = preSolution
		Debug|Any CPU = Debug|Any CPU
		Release|Any CPU = Release|Any CPU
	EndGlobalSection
	GlobalSection(ProjectConfigurationPlatforms) = postSolution
		{2ABE9B4F-E949-4FD5-89DD-49C6B642085C}.Debug|Any CPU.ActiveCfg = Debug|Any CPU
		{2ABE9B4F-E949-4FD5-89DD-49C6B642085C}.Debug|Any CPU.Build.0 = Debug|Any CPU
		{2ABE9B4F-E949-4FD5-89DD-49C6B642085C}.Release|Any CPU.ActiveCfg = Release|Any CPU
		{2ABE9B4F-E949-4FD5-89DD-49C6B642085C}.Release|Any CPU.Build.0 = Release|Any CPU
	EndGlobalSection
	GlobalSection(SolutionProperties) = preSolution
		HideSolutionNode = FALSE
	EndGlobalSection
	GlobalSection(ExtensibilityGlobals) = postSolution
		SolutionGuid = {C9EF8B84-9F51-449F-BAE7-083B21D2AE64}
	EndGlobalSection
EndGlobal
